
Microsoft Visual Studio Solution File, Format Version 12.00
# Visual Studio 15
VisualStudioVersion = 15.0.27703.2000
MinimumVisualStudioVersion = 10.0.40219.1
Project("{9A19103F-16F7-4668-BE54-9A1E7A4F7556}") = "HurtRawler", "HurtRawler.csproj", "{774545A1-BAF1-4CAD-8D54-B9097231B23F}"
EndProject
Global
	GlobalSection(SolutionConfigurationPlatforms) = preSolution
		Debug|Any CPU = Debug|Any CPU
		Release|Any CPU = Release|Any CPU
	EndGlobalSection
	GlobalSection(ProjectConfigurationPlatforms) = postSolution
		{774545A1-BAF1-4CAD-8D54-B9097231B23F}.Debug|Any CPU.ActiveCfg = Debug|Any CPU
		{774545A1-BAF1-4CAD-8D54-B9097231B23F}.Debug|Any CPU.Build.0 = Debug|Any CPU
		{774545A1-BAF1-4CAD-8D54-B9097231B23F}.Release|Any CPU.ActiveCfg = Release|Any CPU
		{774545A1-BAF1-4CAD-8D54-B9097231B23F}.Release|Any CPU.Build.0 = Release|Any CPU
	EndGlobalSection
	GlobalSection(SolutionProperties) = preSolution
		HideSolutionNode = FALSE
	EndGlobalSection
	GlobalSection(ExtensibilityGlobals) = postSolution
		SolutionGuid = {6F3A888E-47F9-4A47-B319-FC5FD6080597}
	EndGlobalSection
EndGlobal
